
Microsoft Visual Studio Solution File, Format Version 12.00
# Visual Studio Version 17
VisualStudioVersion = 17.1.32319.34
MinimumVisualStudioVersion = 10.0.40219.1
Project("{FAE04EC0-301F-11D3-BF4B-00C04F79EFBC}") = "GitTest", "GitTest\GitTest.csproj", "{05DC377F-5440-4DCC-A477-B9D15ACD9740}"
EndProject
Global
	GlobalSection(SolutionConfigurationPlatforms) = preSolution
		Debug|Any CPU = Debug|Any CPU
		Release|Any CPU = Release|Any CPU
	EndGlobalSection
	GlobalSection(ProjectConfigurationPlatforms) = postSolution
		{05DC377F-5440-4DCC-A477-B9D15ACD9740}.Debug|Any CPU.ActiveCfg = Debug|Any CPU
		{05DC377F-5440-4DCC-A477-B9D15ACD9740}.Debug|Any CPU.Build.0 = Debug|Any CPU
		{05DC377F-5440-4DCC-A477-B9D15ACD9740}.Release|Any CPU.ActiveCfg = Release|Any CPU
		{05DC377F-5440-4DCC-A477-B9D15ACD9740}.Release|Any CPU.Build.0 = Release|Any CPU
	EndGlobalSection
	GlobalSection(SolutionProperties) = preSolution
		HideSolutionNode = FALSE
	EndGlobalSection
	GlobalSection(ExtensibilityGlobals) = postSolution
		SolutionGuid = {168C6A05-8752-4749-ABF0-F327D6B87C91}
	EndGlobalSection
EndGlobal
